
Microsoft Visual Studio Solution File, Format Version 12.00
# Visual Studio 15
VisualStudioVersion = 15.0.26730.16
MinimumVisualStudioVersion = 10.0.40219.1
Project("{888888A0-9F3D-457C-B088-3A5042F75D52}") = "hello_someone", "hello_someone\hello_someone.pyproj", "{8914ACB3-87AE-4160-A2B1-29839C1958A2}"
EndProject
Global
	GlobalSection(SolutionConfigurationPlatforms) = preSolution
		Debug|Any CPU = Debug|Any CPU
		Release|Any CPU = Release|Any CPU
	EndGlobalSection
	GlobalSection(ProjectConfigurationPlatforms) = postSolution
		{8914ACB3-87AE-4160-A2B1-29839C1958A2}.Debug|Any CPU.ActiveCfg = Debug|Any CPU
		{8914ACB3-87AE-4160-A2B1-29839C1958A2}.Release|Any CPU.ActiveCfg = Release|Any CPU
	EndGlobalSection
	GlobalSection(SolutionProperties) = preSolution
		HideSolutionNode = FALSE
	EndGlobalSection
	GlobalSection(ExtensibilityGlobals) = postSolution
		SolutionGuid = {563DF6C8-240B-45C9-823A-019D4814B34D}
	EndGlobalSection
EndGlobal
